
Microsoft Visual Studio Solution File, Format Version 12.00
# Visual Studio Version 17
VisualStudioVersion = 17.1.32328.378
MinimumVisualStudioVersion = 10.0.40219.1
Project("{888888A0-9F3D-457C-B088-3A5042F75D52}") = "Password_Generator", "Password_Generator\Password_Generator.pyproj", "{363821C1-2A93-483E-A56A-CCAED8462CAA}"
EndProject
Global
	GlobalSection(SolutionConfigurationPlatforms) = preSolution
		Debug|Any CPU = Debug|Any CPU
		Release|Any CPU = Release|Any CPU
	EndGlobalSection
	GlobalSection(ProjectConfigurationPlatforms) = postSolution
		{363821C1-2A93-483E-A56A-CCAED8462CAA}.Debug|Any CPU.ActiveCfg = Debug|Any CPU
		{363821C1-2A93-483E-A56A-CCAED8462CAA}.Release|Any CPU.ActiveCfg = Release|Any CPU
	EndGlobalSection
	GlobalSection(SolutionProperties) = preSolution
		HideSolutionNode = FALSE
	EndGlobalSection
	GlobalSection(ExtensibilityGlobals) = postSolution
		SolutionGuid = {20A62BC4-1F40-4431-B5C5-79B1A67B383D}
	EndGlobalSection
EndGlobal
